// !$*UTF8*$!
{
	archiveVersion = 1;
	classes = {
	};
	objectVersion = 56;
	objects = {

/* Begin PBXBuildFile section */
		A100000C2FFA70000000000C /* NinebotWidgets.appex in Embed Foundation Extensions */ = {isa = PBXBuildFile; fileRef = A10000032FFA700000000003 /* NinebotWidgets.appex */; settings = {ATTRIBUTES = (RemoveHeadersOnCopy, ); }; };
		B20000000000000000000001 /* NinebotAppIntents.swift in Sources */ = {isa = PBXBuildFile; fileRef = B100000000000000000000105 /* NinebotAppIntents.swift */; };
		B20000000000000000000002 /* NinebotDashboardView.swift in Sources */ = {isa = PBXBuildFile; fileRef = B100000000000000000000106 /* NinebotDashboardView.swift */; };
		B20000000000000000000003 /* NinebotPushManager.swift in Sources */ = {isa = PBXBuildFile; fileRef = B100000000000000000000107 /* NinebotPushManager.swift */; };
		B20000000000000000000004 /* NinebotRecordingView.swift in Sources */ = {isa = PBXBuildFile; fileRef = B100000000000000000000108 /* NinebotRecordingView.swift */; };
		B20000000000000000000005 /* NinebotChargeLiveActivityManager.swift in Sources */ = {isa = PBXBuildFile; fileRef = B100000000000000000000109 /* NinebotChargeLiveActivityManager.swift */; };
		B20000000000000000000006 /* NinebotSettingsView.swift in Sources */ = {isa = PBXBuildFile; fileRef = B10000000000000000000010A /* NinebotSettingsView.swift */; };
		B20000000000000000000007 /* NinebotViewModel.swift in Sources */ = {isa = PBXBuildFile; fileRef = B10000000000000000000010B /* NinebotViewModel.swift */; };
		B20000000000000000000008 /* ContentView.swift in Sources */ = {isa = PBXBuildFile; fileRef = B100000000000000000000101 /* ContentView.swift */; };
		B20000000000000000000009 /* mini_ninebotApp.swift in Sources */ = {isa = PBXBuildFile; fileRef = B100000000000000000000102 /* mini_ninebotApp.swift */; };
		B2000000000000000000000A /* NinebotCoordinateTransform.swift in Sources */ = {isa = PBXBuildFile; fileRef = B100000000000000000000201 /* NinebotCoordinateTransform.swift */; };
		B2000000000000000000000B /* NinebotModels.swift in Sources */ = {isa = PBXBuildFile; fileRef = B100000000000000000000202 /* NinebotModels.swift */; };
		B2000000000000000000000C /* NinebotProxyClient.swift in Sources */ = {isa = PBXBuildFile; fileRef = B100000000000000000000203 /* NinebotProxyClient.swift */; };
		B2000000000000000000000D /* NinebotChargeActivityAttributes.swift in Sources */ = {isa = PBXBuildFile; fileRef = B100000000000000000000204 /* NinebotChargeActivityAttributes.swift */; };
		B2000000000000000000000E /* NinebotSharedStore.swift in Sources */ = {isa = PBXBuildFile; fileRef = B100000000000000000000205 /* NinebotSharedStore.swift */; };
		B2000000000000000000000F /* NinebotRideActivityAttributes.swift in Sources */ = {isa = PBXBuildFile; fileRef = B100000000000000000000206 /* NinebotRideActivityAttributes.swift */; };
		B20000000000000000000010 /* NinebotRideLiveActivityManager.swift in Sources */ = {isa = PBXBuildFile; fileRef = B10000000000000000000010C /* NinebotRideLiveActivityManager.swift */; };
		B30000000000000000000001 /* NinebotWidgetConfiguration.swift in Sources */ = {isa = PBXBuildFile; fileRef = B100000000000000000000301 /* NinebotWidgetConfiguration.swift */; };
		B30000000000000000000002 /* NinebotWidgetProvider.swift in Sources */ = {isa = PBXBuildFile; fileRef = B100000000000000000000302 /* NinebotWidgetProvider.swift */; };
		B30000000000000000000003 /* NinebotWidgets.swift in Sources */ = {isa = PBXBuildFile; fileRef = B100000000000000000000303 /* NinebotWidgets.swift */; };
		B30000000000000000000004 /* NinebotCoordinateTransform.swift in Sources */ = {isa = PBXBuildFile; fileRef = B100000000000000000000201 /* NinebotCoordinateTransform.swift */; };
		B30000000000000000000005 /* NinebotModels.swift in Sources */ = {isa = PBXBuildFile; fileRef = B100000000000000000000202 /* NinebotModels.swift */; };
		B30000000000000000000006 /* NinebotProxyClient.swift in Sources */ = {isa = PBXBuildFile; fileRef = B100000000000000000000203 /* NinebotProxyClient.swift */; };
		B30000000000000000000007 /* NinebotChargeActivityAttributes.swift in Sources */ = {isa = PBXBuildFile; fileRef = B100000000000000000000204 /* NinebotChargeActivityAttributes.swift */; };
		B30000000000000000000008 /* NinebotSharedStore.swift in Sources */ = {isa = PBXBuildFile; fileRef = B100000000000000000000205 /* NinebotSharedStore.swift */; };
		B30000000000000000000009 /* NinebotRideActivityAttributes.swift in Sources */ = {isa = PBXBuildFile; fileRef = B100000000000000000000206 /* NinebotRideActivityAttributes.swift */; };
		B40000000000000000000001 /* Assets.xcassets in Resources */ = {isa = PBXBuildFile; fileRef = B100000000000000000000103 /* Assets.xcassets */; };
		B40000000000000000000002 /* Assets.xcassets in Resources */ = {isa = PBXBuildFile; fileRef = B100000000000000000000305 /* Assets.xcassets */; };
/* End PBXBuildFile section */

/* Begin PBXContainerItemProxy section */
		A100000D2FFA70000000000D /* PBXContainerItemProxy */ = {
			isa = PBXContainerItemProxy;
			containerPortal = 67D3987B2FFA6015005C046D /* Project object */;
			proxyType = 1;
			remoteGlobalIDString = A10000072FFA700000000007;
			remoteInfo = NinebotWidgets;
		};
/* End PBXContainerItemProxy section */

/* Begin PBXCopyFilesBuildPhase section */
		A100000B2FFA70000000000B /* Embed Foundation Extensions */ = {
			isa = PBXCopyFilesBuildPhase;
			buildActionMask = 2147483647;
			dstPath = "";
			dstSubfolderSpec = 13;
			files = (
				A100000C2FFA70000000000C /* NinebotWidgets.appex in Embed Foundation Extensions */,
			);
			name = "Embed Foundation Extensions";
			runOnlyForDeploymentPostprocessing = 0;
		};
/* End PBXCopyFilesBuildPhase section */

/* Begin PBXFileReference section */
		67D398832FFA6015005C046D /* mini-ninebot.app */ = {isa = PBXFileReference; explicitFileType = wrapper.application; includeInIndex = 0; path = "mini-ninebot.app"; sourceTree = BUILT_PRODUCTS_DIR; };
		A10000032FFA700000000003 /* NinebotWidgets.appex */ = {isa = PBXFileReference; explicitFileType = "wrapper.app-extension"; includeInIndex = 0; path = NinebotWidgets.appex; sourceTree = BUILT_PRODUCTS_DIR; };
		B100000000000000000000101 /* ContentView.swift */ = {isa = PBXFileReference; lastKnownFileType = sourcecode.swift; path = "ContentView.swift"; sourceTree = "<group>"; };
		B100000000000000000000102 /* mini_ninebotApp.swift */ = {isa = PBXFileReference; lastKnownFileType = sourcecode.swift; path = "mini_ninebotApp.swift"; sourceTree = "<group>"; };
		B100000000000000000000103 /* Assets.xcassets */ = {isa = PBXFileReference; lastKnownFileType = folder.assetcatalog; path = "Assets.xcassets"; sourceTree = "<group>"; };
		B100000000000000000000104 /* mini-ninebot.entitlements */ = {isa = PBXFileReference; lastKnownFileType = text.plist.entitlements; path = "mini-ninebot.entitlements"; sourceTree = "<group>"; };
		B100000000000000000000105 /* NinebotAppIntents.swift */ = {isa = PBXFileReference; lastKnownFileType = sourcecode.swift; path = "NinebotAppIntents.swift"; sourceTree = "<group>"; };
		B100000000000000000000106 /* NinebotDashboardView.swift */ = {isa = PBXFileReference; lastKnownFileType = sourcecode.swift; path = "NinebotDashboardView.swift"; sourceTree = "<group>"; };
		B100000000000000000000107 /* NinebotPushManager.swift */ = {isa = PBXFileReference; lastKnownFileType = sourcecode.swift; path = "NinebotPushManager.swift"; sourceTree = "<group>"; };
		B100000000000000000000108 /* NinebotRecordingView.swift */ = {isa = PBXFileReference; lastKnownFileType = sourcecode.swift; path = "NinebotRecordingView.swift"; sourceTree = "<group>"; };
		B100000000000000000000109 /* NinebotChargeLiveActivityManager.swift */ = {isa = PBXFileReference; lastKnownFileType = sourcecode.swift; path = "NinebotChargeLiveActivityManager.swift"; sourceTree = "<group>"; };
		B10000000000000000000010C /* NinebotRideLiveActivityManager.swift */ = {isa = PBXFileReference; lastKnownFileType = sourcecode.swift; path = "NinebotRideLiveActivityManager.swift"; sourceTree = "<group>"; };
		B10000000000000000000010A /* NinebotSettingsView.swift */ = {isa = PBXFileReference; lastKnownFileType = sourcecode.swift; path = "NinebotSettingsView.swift"; sourceTree = "<group>"; };
		B10000000000000000000010B /* NinebotViewModel.swift */ = {isa = PBXFileReference; lastKnownFileType = sourcecode.swift; path = "NinebotViewModel.swift"; sourceTree = "<group>"; };
		B100000000000000000000201 /* NinebotCoordinateTransform.swift */ = {isa = PBXFileReference; lastKnownFileType = sourcecode.swift; path = "NinebotCoordinateTransform.swift"; sourceTree = "<group>"; };
		B100000000000000000000202 /* NinebotModels.swift */ = {isa = PBXFileReference; lastKnownFileType = sourcecode.swift; path = "NinebotModels.swift"; sourceTree = "<group>"; };
		B100000000000000000000203 /* NinebotProxyClient.swift */ = {isa = PBXFileReference; lastKnownFileType = sourcecode.swift; path = "NinebotProxyClient.swift"; sourceTree = "<group>"; };
		B100000000000000000000204 /* NinebotChargeActivityAttributes.swift */ = {isa = PBXFileReference; lastKnownFileType = sourcecode.swift; path = "NinebotChargeActivityAttributes.swift"; sourceTree = "<group>"; };
		B100000000000000000000205 /* NinebotSharedStore.swift */ = {isa = PBXFileReference; lastKnownFileType = sourcecode.swift; path = "NinebotSharedStore.swift"; sourceTree = "<group>"; };
		B100000000000000000000206 /* NinebotRideActivityAttributes.swift */ = {isa = PBXFileReference; lastKnownFileType = sourcecode.swift; path = "NinebotRideActivityAttributes.swift"; sourceTree = "<group>"; };
		B100000000000000000000301 /* NinebotWidgetConfiguration.swift */ = {isa = PBXFileReference; lastKnownFileType = sourcecode.swift; path = "NinebotWidgetConfiguration.swift"; sourceTree = "<group>"; };
		B100000000000000000000302 /* NinebotWidgetProvider.swift */ = {isa = PBXFileReference; lastKnownFileType = sourcecode.swift; path = "NinebotWidgetProvider.swift"; sourceTree = "<group>"; };
		B100000000000000000000303 /* NinebotWidgets.swift */ = {isa = PBXFileReference; lastKnownFileType = sourcecode.swift; path = "NinebotWidgets.swift"; sourceTree = "<group>"; };
		B100000000000000000000304 /* NinebotWidgets.entitlements */ = {isa = PBXFileReference; lastKnownFileType = text.plist.entitlements; path = "NinebotWidgets.entitlements"; sourceTree = "<group>"; };
		B100000000000000000000305 /* Assets.xcassets */ = {isa = PBXFileReference; lastKnownFileType = folder.assetcatalog; path = "Assets.xcassets"; sourceTree = "<group>"; };
		B100000000000000000000401 /* mini-ninebot-Info.plist */ = {isa = PBXFileReference; lastKnownFileType = text.plist.xml; path = "mini-ninebot-Info.plist"; sourceTree = "<group>"; };
		B100000000000000000000402 /* NinebotWidgets-Info.plist */ = {isa = PBXFileReference; lastKnownFileType = text.plist.xml; path = "NinebotWidgets-Info.plist"; sourceTree = "<group>"; };
/* End PBXFileReference section */



/* Begin PBXFrameworksBuildPhase section */
		67D398802FFA6015005C046D /* Frameworks */ = {
			isa = PBXFrameworksBuildPhase;
			buildActionMask = 2147483647;
			files = (
			);
			runOnlyForDeploymentPostprocessing = 0;
		};
		A10000052FFA700000000005 /* Frameworks */ = {
			isa = PBXFrameworksBuildPhase;
			buildActionMask = 2147483647;
			files = (
			);
			runOnlyForDeploymentPostprocessing = 0;
		};
/* End PBXFrameworksBuildPhase section */

/* Begin PBXGroup section */
		67D3987A2FFA6015005C046D = {
			isa = PBXGroup;
			children = (
				67D398852FFA6015005C046D /* mini-ninebot */,
				A10000012FFA700000000001 /* Shared */,
				A10000022FFA700000000002 /* NinebotWidgets */,
				A100000F2FFA70000000000F /* Config */,
				67D398842FFA6015005C046D /* Products */,
			);
			sourceTree = "<group>";
		};
		67D398852FFA6015005C046D /* mini-ninebot */ = {
			isa = PBXGroup;
			children = (
				B100000000000000000000111 /* App */,
				B100000000000000000000101 /* ContentView.swift */,
				B100000000000000000000102 /* mini_ninebotApp.swift */,
				B100000000000000000000103 /* Assets.xcassets */,
				B100000000000000000000104 /* mini-ninebot.entitlements */,
			);
			path = "mini-ninebot";
			sourceTree = "<group>";
		};
		B100000000000000000000111 /* App */ = {
			isa = PBXGroup;
			children = (
				B100000000000000000000105 /* NinebotAppIntents.swift */,
				B100000000000000000000106 /* NinebotDashboardView.swift */,
				B100000000000000000000107 /* NinebotPushManager.swift */,
				B100000000000000000000108 /* NinebotRecordingView.swift */,
				B100000000000000000000109 /* NinebotChargeLiveActivityManager.swift */,
				B10000000000000000000010C /* NinebotRideLiveActivityManager.swift */,
				B10000000000000000000010A /* NinebotSettingsView.swift */,
				B10000000000000000000010B /* NinebotViewModel.swift */,
			);
			path = App;
			sourceTree = "<group>";
		};
		A10000012FFA700000000001 /* Shared */ = {
			isa = PBXGroup;
			children = (
				B100000000000000000000201 /* NinebotCoordinateTransform.swift */,
				B100000000000000000000202 /* NinebotModels.swift */,
				B100000000000000000000203 /* NinebotProxyClient.swift */,
				B100000000000000000000204 /* NinebotChargeActivityAttributes.swift */,
				B100000000000000000000205 /* NinebotSharedStore.swift */,
				B100000000000000000000206 /* NinebotRideActivityAttributes.swift */,
			);
			path = Shared;
			sourceTree = "<group>";
		};
		A10000022FFA700000000002 /* NinebotWidgets */ = {
			isa = PBXGroup;
			children = (
				B100000000000000000000301 /* NinebotWidgetConfiguration.swift */,
				B100000000000000000000302 /* NinebotWidgetProvider.swift */,
				B100000000000000000000303 /* NinebotWidgets.swift */,
				B100000000000000000000304 /* NinebotWidgets.entitlements */,
				B100000000000000000000305 /* Assets.xcassets */,
			);
			path = NinebotWidgets;
			sourceTree = "<group>";
		};
		A100000F2FFA70000000000F /* Config */ = {
			isa = PBXGroup;
			children = (
				B100000000000000000000401 /* mini-ninebot-Info.plist */,
				B100000000000000000000402 /* NinebotWidgets-Info.plist */,
			);
			path = Config;
			sourceTree = "<group>";
		};
		67D398842FFA6015005C046D /* Products */ = {
			isa = PBXGroup;
			children = (
				67D398832FFA6015005C046D /* mini-ninebot.app */,
				A10000032FFA700000000003 /* NinebotWidgets.appex */,
			);
			name = Products;
			sourceTree = "<group>";
		};
/* End PBXGroup section */

/* Begin PBXNativeTarget section */
		67D398822FFA6015005C046D /* mini-ninebot */ = {
			isa = PBXNativeTarget;
			buildConfigurationList = 67D3988E2FFA6016005C046D /* Build configuration list for PBXNativeTarget "mini-ninebot" */;
			buildPhases = (
				67D3987F2FFA6015005C046D /* Sources */,
				67D398802FFA6015005C046D /* Frameworks */,
				67D398812FFA6015005C046D /* Resources */,
				A100000B2FFA70000000000B /* Embed Foundation Extensions */,
			);
			buildRules = (
			);
			dependencies = (
				A100000E2FFA70000000000E /* PBXTargetDependency */,
			);
			name = "mini-ninebot";
			packageProductDependencies = (
			);
			productName = "mini-ninebot";
			productReference = 67D398832FFA6015005C046D /* mini-ninebot.app */;
			productType = "com.apple.product-type.application";
		};
		A10000072FFA700000000007 /* NinebotWidgets */ = {
			isa = PBXNativeTarget;
			buildConfigurationList = A10000082FFA700000000008 /* Build configuration list for PBXNativeTarget "NinebotWidgets" */;
			buildPhases = (
				A10000042FFA700000000004 /* Sources */,
				A10000052FFA700000000005 /* Frameworks */,
				A10000062FFA700000000006 /* Resources */,
			);
			buildRules = (
			);
			dependencies = (
			);
			name = NinebotWidgets;
			packageProductDependencies = (
			);
			productName = NinebotWidgets;
			productReference = A10000032FFA700000000003 /* NinebotWidgets.appex */;
			productType = "com.apple.product-type.app-extension";
		};
/* End PBXNativeTarget section */

/* Begin PBXProject section */
		67D3987B2FFA6015005C046D /* Project object */ = {
			isa = PBXProject;
			attributes = {
				BuildIndependentTargetsInParallel = 1;
				LastSwiftUpdateCheck = 1540;
				LastUpgradeCheck = 1540;
				TargetAttributes = {
					67D398822FFA6015005C046D = {
						CreatedOnToolsVersion = 15.4;
					};
					A10000072FFA700000000007 = {
						CreatedOnToolsVersion = 15.4;
					};
				};
			};
			buildConfigurationList = 67D3987E2FFA6015005C046D /* Build configuration list for PBXProject "mini-ninebot" */;
			developmentRegion = en;
			hasScannedForEncodings = 0;
			knownRegions = (
				en,
				Base,
			);
			mainGroup = 67D3987A2FFA6015005C046D;
			productRefGroup = 67D398842FFA6015005C046D /* Products */;
			projectDirPath = "";
			projectRoot = "";
			targets = (
				67D398822FFA6015005C046D /* mini-ninebot */,
				A10000072FFA700000000007 /* NinebotWidgets */,
			);
		};
/* End PBXProject section */

/* Begin PBXResourcesBuildPhase section */
		67D398812FFA6015005C046D /* Resources */ = {
			isa = PBXResourcesBuildPhase;
			buildActionMask = 2147483647;
			files = (
				B40000000000000000000001 /* Assets.xcassets in Resources */,
			);
			runOnlyForDeploymentPostprocessing = 0;
		};
		A10000062FFA700000000006 /* Resources */ = {
			isa = PBXResourcesBuildPhase;
			buildActionMask = 2147483647;
			files = (
				B40000000000000000000002 /* Assets.xcassets in Resources */,
			);
			runOnlyForDeploymentPostprocessing = 0;
		};
/* End PBXResourcesBuildPhase section */

/* Begin PBXSourcesBuildPhase section */
		67D3987F2FFA6015005C046D /* Sources */ = {
			isa = PBXSourcesBuildPhase;
			buildActionMask = 2147483647;
			files = (
				B20000000000000000000001 /* NinebotAppIntents.swift in Sources */,
				B20000000000000000000002 /* NinebotDashboardView.swift in Sources */,
				B20000000000000000000003 /* NinebotPushManager.swift in Sources */,
				B20000000000000000000004 /* NinebotRecordingView.swift in Sources */,
				B20000000000000000000005 /* NinebotChargeLiveActivityManager.swift in Sources */,
				B20000000000000000000010 /* NinebotRideLiveActivityManager.swift in Sources */,
				B20000000000000000000006 /* NinebotSettingsView.swift in Sources */,
				B20000000000000000000007 /* NinebotViewModel.swift in Sources */,
				B20000000000000000000008 /* ContentView.swift in Sources */,
				B20000000000000000000009 /* mini_ninebotApp.swift in Sources */,
				B2000000000000000000000A /* NinebotCoordinateTransform.swift in Sources */,
				B2000000000000000000000B /* NinebotModels.swift in Sources */,
				B2000000000000000000000C /* NinebotProxyClient.swift in Sources */,
				B2000000000000000000000D /* NinebotChargeActivityAttributes.swift in Sources */,
				B2000000000000000000000E /* NinebotSharedStore.swift in Sources */,
				B2000000000000000000000F /* NinebotRideActivityAttributes.swift in Sources */,
			);
			runOnlyForDeploymentPostprocessing = 0;
		};
		A10000042FFA700000000004 /* Sources */ = {
			isa = PBXSourcesBuildPhase;
			buildActionMask = 2147483647;
			files = (
				B30000000000000000000001 /* NinebotWidgetConfiguration.swift in Sources */,
				B30000000000000000000002 /* NinebotWidgetProvider.swift in Sources */,
				B30000000000000000000003 /* NinebotWidgets.swift in Sources */,
				B30000000000000000000004 /* NinebotCoordinateTransform.swift in Sources */,
				B30000000000000000000005 /* NinebotModels.swift in Sources */,
				B30000000000000000000006 /* NinebotProxyClient.swift in Sources */,
				B30000000000000000000007 /* NinebotChargeActivityAttributes.swift in Sources */,
				B30000000000000000000008 /* NinebotSharedStore.swift in Sources */,
				B30000000000000000000009 /* NinebotRideActivityAttributes.swift in Sources */,
			);
			runOnlyForDeploymentPostprocessing = 0;
		};
/* End PBXSourcesBuildPhase section */

/* Begin PBXTargetDependency section */
		A100000E2FFA70000000000E /* PBXTargetDependency */ = {
			isa = PBXTargetDependency;
			target = A10000072FFA700000000007 /* NinebotWidgets */;
			targetProxy = A100000D2FFA70000000000D /* PBXContainerItemProxy */;
		};
/* End PBXTargetDependency section */

/* Begin XCBuildConfiguration section */
		67D3988C2FFA6016005C046D /* Debug */ = {
			isa = XCBuildConfiguration;
			buildSettings = {
				ALWAYS_SEARCH_USER_PATHS = NO;
				ASSETCATALOG_COMPILER_GENERATE_SWIFT_ASSET_SYMBOL_EXTENSIONS = YES;
				CLANG_ANALYZER_NONNULL = YES;
				CLANG_ANALYZER_NUMBER_OBJECT_CONVERSION = YES_AGGRESSIVE;
				CLANG_CXX_LANGUAGE_STANDARD = "gnu++20";
				CLANG_ENABLE_MODULES = YES;
				CLANG_ENABLE_OBJC_ARC = YES;
				CLANG_ENABLE_OBJC_WEAK = YES;
				CLANG_WARN_BLOCK_CAPTURE_AUTORELEASING = YES;
				CLANG_WARN_BOOL_CONVERSION = YES;
				CLANG_WARN_COMMA = YES;
				CLANG_WARN_CONSTANT_CONVERSION = YES;
				CLANG_WARN_DEPRECATED_OBJC_IMPLEMENTATIONS = YES;
				CLANG_WARN_DIRECT_OBJC_ISA_USAGE = YES_ERROR;
				CLANG_WARN_DOCUMENTATION_COMMENTS = YES;
				CLANG_WARN_EMPTY_BODY = YES;
				CLANG_WARN_ENUM_CONVERSION = YES;
				CLANG_WARN_INFINITE_RECURSION = YES;
				CLANG_WARN_INT_CONVERSION = YES;
				CLANG_WARN_NON_LITERAL_NULL_CONVERSION = YES;
				CLANG_WARN_OBJC_IMPLICIT_RETAIN_SELF = YES;
				CLANG_WARN_OBJC_LITERAL_CONVERSION = YES;
				CLANG_WARN_OBJC_ROOT_CLASS = YES_ERROR;
				CLANG_WARN_QUOTED_INCLUDE_IN_FRAMEWORK_HEADER = YES;
				CLANG_WARN_RANGE_LOOP_ANALYSIS = YES;
				CLANG_WARN_STRICT_PROTOTYPES = YES;
				CLANG_WARN_SUSPICIOUS_MOVE = YES;
				CLANG_WARN_UNGUARDED_AVAILABILITY = YES_AGGRESSIVE;
				CLANG_WARN_UNREACHABLE_CODE = YES;
				CLANG_WARN__DUPLICATE_METHOD_MATCH = YES;
				COPY_PHASE_STRIP = NO;
				DEBUG_INFORMATION_FORMAT = dwarf;
				DEVELOPMENT_TEAM = 36K6L4C2YJ;
				ENABLE_STRICT_OBJC_MSGSEND = YES;
				ENABLE_TESTABILITY = YES;
				ENABLE_USER_SCRIPT_SANDBOXING = YES;
				GCC_C_LANGUAGE_STANDARD = gnu17;
				GCC_DYNAMIC_NO_PIC = NO;
				GCC_NO_COMMON_BLOCKS = YES;
				GCC_OPTIMIZATION_LEVEL = 0;
				GCC_PREPROCESSOR_DEFINITIONS = (
					"DEBUG=1",
					"$(inherited)",
				);
				GCC_WARN_64_TO_32_BIT_CONVERSION = YES;
				GCC_WARN_ABOUT_RETURN_TYPE = YES_ERROR;
				GCC_WARN_UNDECLARED_SELECTOR = YES;
				GCC_WARN_UNINITIALIZED_AUTOS = YES_AGGRESSIVE;
				GCC_WARN_UNUSED_FUNCTION = YES;
				GCC_WARN_UNUSED_VARIABLE = YES;
				IPHONEOS_DEPLOYMENT_TARGET = 17.0;
				LOCALIZATION_PREFERS_STRING_CATALOGS = YES;
				MTL_ENABLE_DEBUG_INFO = INCLUDE_SOURCE;
				MTL_FAST_MATH = YES;
				ONLY_ACTIVE_ARCH = YES;
				SDKROOT = iphoneos;
				SWIFT_ACTIVE_COMPILATION_CONDITIONS = "DEBUG $(inherited)";
				SWIFT_OPTIMIZATION_LEVEL = "-Onone";
			};
			name = Debug;
		};
		67D3988D2FFA6016005C046D /* Release */ = {
			isa = XCBuildConfiguration;
			buildSettings = {
				ALWAYS_SEARCH_USER_PATHS = NO;
				ASSETCATALOG_COMPILER_GENERATE_SWIFT_ASSET_SYMBOL_EXTENSIONS = YES;
				CLANG_ANALYZER_NONNULL = YES;
				CLANG_ANALYZER_NUMBER_OBJECT_CONVERSION = YES_AGGRESSIVE;
				CLANG_CXX_LANGUAGE_STANDARD = "gnu++20";
				CLANG_ENABLE_MODULES = YES;
				CLANG_ENABLE_OBJC_ARC = YES;
				CLANG_ENABLE_OBJC_WEAK = YES;
				CLANG_WARN_BLOCK_CAPTURE_AUTORELEASING = YES;
				CLANG_WARN_BOOL_CONVERSION = YES;
				CLANG_WARN_COMMA = YES;
				CLANG_WARN_CONSTANT_CONVERSION = YES;
				CLANG_WARN_DEPRECATED_OBJC_IMPLEMENTATIONS = YES;
				CLANG_WARN_DIRECT_OBJC_ISA_USAGE = YES_ERROR;
				CLANG_WARN_DOCUMENTATION_COMMENTS = YES;
				CLANG_WARN_EMPTY_BODY = YES;
				CLANG_WARN_ENUM_CONVERSION = YES;
				CLANG_WARN_INFINITE_RECURSION = YES;
				CLANG_WARN_INT_CONVERSION = YES;
				CLANG_WARN_NON_LITERAL_NULL_CONVERSION = YES;
				CLANG_WARN_OBJC_IMPLICIT_RETAIN_SELF = YES;
				CLANG_WARN_OBJC_LITERAL_CONVERSION = YES;
				CLANG_WARN_OBJC_ROOT_CLASS = YES_ERROR;
				CLANG_WARN_QUOTED_INCLUDE_IN_FRAMEWORK_HEADER = YES;
				CLANG_WARN_RANGE_LOOP_ANALYSIS = YES;
				CLANG_WARN_STRICT_PROTOTYPES = YES;
				CLANG_WARN_SUSPICIOUS_MOVE = YES;
				CLANG_WARN_UNGUARDED_AVAILABILITY = YES_AGGRESSIVE;
				CLANG_WARN_UNREACHABLE_CODE = YES;
				CLANG_WARN__DUPLICATE_METHOD_MATCH = YES;
				COPY_PHASE_STRIP = NO;
				DEBUG_INFORMATION_FORMAT = "dwarf-with-dsym";
				DEVELOPMENT_TEAM = 36K6L4C2YJ;
				ENABLE_NS_ASSERTIONS = NO;
				ENABLE_STRICT_OBJC_MSGSEND = YES;
				ENABLE_USER_SCRIPT_SANDBOXING = YES;
				GCC_C_LANGUAGE_STANDARD = gnu17;
				GCC_NO_COMMON_BLOCKS = YES;
				GCC_WARN_64_TO_32_BIT_CONVERSION = YES;
				GCC_WARN_ABOUT_RETURN_TYPE = YES_ERROR;
				GCC_WARN_UNDECLARED_SELECTOR = YES;
				GCC_WARN_UNINITIALIZED_AUTOS = YES_AGGRESSIVE;
				GCC_WARN_UNUSED_FUNCTION = YES;
				GCC_WARN_UNUSED_VARIABLE = YES;
				IPHONEOS_DEPLOYMENT_TARGET = 17.0;
				LOCALIZATION_PREFERS_STRING_CATALOGS = YES;
				MTL_ENABLE_DEBUG_INFO = NO;
				MTL_FAST_MATH = YES;
				SDKROOT = iphoneos;
				SWIFT_COMPILATION_MODE = wholemodule;
				VALIDATE_PRODUCT = YES;
			};
			name = Release;
		};
		67D3988F2FFA6016005C046D /* Debug */ = {
			isa = XCBuildConfiguration;
			buildSettings = {
				ASSETCATALOG_COMPILER_APPICON_NAME = AppIcon;
				ASSETCATALOG_COMPILER_GLOBAL_ACCENT_COLOR_NAME = AccentColor;
				CODE_SIGN_ENTITLEMENTS = "mini-ninebot/mini-ninebot.entitlements";
				CODE_SIGN_STYLE = Automatic;
				CURRENT_PROJECT_VERSION = 37;
				DEVELOPMENT_TEAM = 36K6L4C2YJ;
				ENABLE_PREVIEWS = YES;
				GENERATE_INFOPLIST_FILE = NO;
				INFOPLIST_FILE = "Config/mini-ninebot-Info.plist";
				INFOPLIST_KEY_UIApplicationSceneManifest_Generation = YES;
				INFOPLIST_KEY_UIApplicationSupportsIndirectInputEvents = YES;
				INFOPLIST_KEY_UILaunchScreen_Generation = YES;
				INFOPLIST_KEY_UISupportedInterfaceOrientations_iPad = "UIInterfaceOrientationPortrait UIInterfaceOrientationPortraitUpsideDown UIInterfaceOrientationLandscapeLeft UIInterfaceOrientationLandscapeRight";
				INFOPLIST_KEY_UISupportedInterfaceOrientations_iPhone = "UIInterfaceOrientationPortrait UIInterfaceOrientationLandscapeLeft UIInterfaceOrientationLandscapeRight";
				LD_RUNPATH_SEARCH_PATHS = (
					"$(inherited)",
					"@executable_path/Frameworks",
				);
				MARKETING_VERSION = 1.2.37;
				PRODUCT_BUNDLE_IDENTIFIER = com.ninebot.live.36K6L4C2YJ;
				PRODUCT_NAME = "$(TARGET_NAME)";
				STRING_CATALOG_GENERATE_SYMBOLS = YES;
				SWIFT_APPROACHABLE_CONCURRENCY = YES;
				SWIFT_DEFAULT_ACTOR_ISOLATION = MainActor;
				SWIFT_EMIT_LOC_STRINGS = YES;
				SWIFT_UPCOMING_FEATURE_MEMBER_IMPORT_VISIBILITY = YES;
				SWIFT_VERSION = 5.0;
				TARGETED_DEVICE_FAMILY = "1,2";
			};
			name = Debug;
		};
		67D398902FFA6016005C046D /* Release */ = {
			isa = XCBuildConfiguration;
			buildSettings = {
				ASSETCATALOG_COMPILER_APPICON_NAME = AppIcon;
				ASSETCATALOG_COMPILER_GLOBAL_ACCENT_COLOR_NAME = AccentColor;
				CODE_SIGN_ENTITLEMENTS = "mini-ninebot/mini-ninebot.entitlements";
				CODE_SIGN_STYLE = Automatic;
				CURRENT_PROJECT_VERSION = 37;
				DEVELOPMENT_TEAM = 36K6L4C2YJ;
				ENABLE_PREVIEWS = YES;
				GENERATE_INFOPLIST_FILE = NO;
				INFOPLIST_FILE = "Config/mini-ninebot-Info.plist";
				INFOPLIST_KEY_UIApplicationSceneManifest_Generation = YES;
				INFOPLIST_KEY_UIApplicationSupportsIndirectInputEvents = YES;
				INFOPLIST_KEY_UILaunchScreen_Generation = YES;
				INFOPLIST_KEY_UISupportedInterfaceOrientations_iPad = "UIInterfaceOrientationPortrait UIInterfaceOrientationPortraitUpsideDown UIInterfaceOrientationLandscapeLeft UIInterfaceOrientationLandscapeRight";
				INFOPLIST_KEY_UISupportedInterfaceOrientations_iPhone = "UIInterfaceOrientationPortrait UIInterfaceOrientationLandscapeLeft UIInterfaceOrientationLandscapeRight";
				LD_RUNPATH_SEARCH_PATHS = (
					"$(inherited)",
					"@executable_path/Frameworks",
				);
				MARKETING_VERSION = 1.2.37;
				PRODUCT_BUNDLE_IDENTIFIER = com.ninebot.live.36K6L4C2YJ;
				PRODUCT_NAME = "$(TARGET_NAME)";
				STRING_CATALOG_GENERATE_SYMBOLS = YES;
				SWIFT_APPROACHABLE_CONCURRENCY = YES;
				SWIFT_DEFAULT_ACTOR_ISOLATION = MainActor;
				SWIFT_EMIT_LOC_STRINGS = YES;
				SWIFT_UPCOMING_FEATURE_MEMBER_IMPORT_VISIBILITY = YES;
				SWIFT_VERSION = 5.0;
				TARGETED_DEVICE_FAMILY = "1,2";
			};
			name = Release;
		};
		A10000092FFA700000000009 /* Debug */ = {
			isa = XCBuildConfiguration;
			buildSettings = {
				APPLICATION_EXTENSION_API_ONLY = YES;
				CODE_SIGN_ENTITLEMENTS = NinebotWidgets/NinebotWidgets.entitlements;
				CODE_SIGN_STYLE = Automatic;
				CURRENT_PROJECT_VERSION = 37;
				DEVELOPMENT_TEAM = 36K6L4C2YJ;
				ENABLE_PREVIEWS = YES;
				GENERATE_INFOPLIST_FILE = NO;
				INFOPLIST_FILE = "Config/NinebotWidgets-Info.plist";
				INFOPLIST_KEY_CFBundleDisplayName = NinebotWidgets;
				IPHONEOS_DEPLOYMENT_TARGET = 17.0;
				LD_RUNPATH_SEARCH_PATHS = (
					"$(inherited)",
					"@executable_path/Frameworks",
					"@executable_path/../../Frameworks",
				);
				MARKETING_VERSION = 1.2.37;
				PRODUCT_BUNDLE_IDENTIFIER = com.ninebot.live.36K6L4C2YJ.NinebotWidgets;
				PRODUCT_NAME = "$(TARGET_NAME)";
				SKIP_INSTALL = YES;
				STRING_CATALOG_GENERATE_SYMBOLS = YES;
				SWIFT_EMIT_LOC_STRINGS = YES;
				SWIFT_VERSION = 5.0;
				TARGETED_DEVICE_FAMILY = "1,2";
			};
			name = Debug;
		};
		A100000A2FFA70000000000A /* Release */ = {
			isa = XCBuildConfiguration;
			buildSettings = {
				APPLICATION_EXTENSION_API_ONLY = YES;
				CODE_SIGN_ENTITLEMENTS = NinebotWidgets/NinebotWidgets.entitlements;
				CODE_SIGN_STYLE = Automatic;
				CURRENT_PROJECT_VERSION = 37;
				DEVELOPMENT_TEAM = 36K6L4C2YJ;
				ENABLE_PREVIEWS = YES;
				GENERATE_INFOPLIST_FILE = NO;
				INFOPLIST_FILE = "Config/NinebotWidgets-Info.plist";
				INFOPLIST_KEY_CFBundleDisplayName = NinebotWidgets;
				IPHONEOS_DEPLOYMENT_TARGET = 17.0;
				LD_RUNPATH_SEARCH_PATHS = (
					"$(inherited)",
					"@executable_path/Frameworks",
					"@executable_path/../../Frameworks",
				);
				MARKETING_VERSION = 1.2.37;
				PRODUCT_BUNDLE_IDENTIFIER = com.ninebot.live.36K6L4C2YJ.NinebotWidgets;
				PRODUCT_NAME = "$(TARGET_NAME)";
				SKIP_INSTALL = YES;
				STRING_CATALOG_GENERATE_SYMBOLS = YES;
				SWIFT_EMIT_LOC_STRINGS = YES;
				SWIFT_VERSION = 5.0;
				TARGETED_DEVICE_FAMILY = "1,2";
			};
			name = Release;
		};
/* End XCBuildConfiguration section */

/* Begin XCConfigurationList section */
		67D3987E2FFA6015005C046D /* Build configuration list for PBXProject "mini-ninebot" */ = {
			isa = XCConfigurationList;
			buildConfigurations = (
				67D3988C2FFA6016005C046D /* Debug */,
				67D3988D2FFA6016005C046D /* Release */,
			);
			defaultConfigurationIsVisible = 0;
			defaultConfigurationName = Release;
		};
		67D3988E2FFA6016005C046D /* Build configuration list for PBXNativeTarget "mini-ninebot" */ = {
			isa = XCConfigurationList;
			buildConfigurations = (
				67D3988F2FFA6016005C046D /* Debug */,
				67D398902FFA6016005C046D /* Release */,
			);
			defaultConfigurationIsVisible = 0;
			defaultConfigurationName = Release;
		};
		A10000082FFA700000000008 /* Build configuration list for PBXNativeTarget "NinebotWidgets" */ = {
			isa = XCConfigurationList;
			buildConfigurations = (
				A10000092FFA700000000009 /* Debug */,
				A100000A2FFA70000000000A /* Release */,
			);
			defaultConfigurationIsVisible = 0;
			defaultConfigurationName = Release;
		};
/* End XCConfigurationList section */
	};
	rootObject = 67D3987B2FFA6015005C046D /* Project object */;
}
